
Microsoft Visual Studio Solution File, Format Version 12.00
# Visual Studio Version 16
VisualStudioVersion = 16.0.30907.101
MinimumVisualStudioVersion = 10.0.40219.1
Project("{FAE04EC0-301F-11D3-BF4B-00C04F79EFBC}") = "AuthServer.API", "AuthServer.API\AuthServer.API.csproj", "{244DD1E8-6069-4257-BB6D-C3472D6598AA}"
EndProject
Project("{FAE04EC0-301F-11D3-BF4B-00C04F79EFBC}") = "AuthServer.Core", "AuthServer.Core\AuthServer.Core.csproj", "{FAA4C406-1C09-438A-B25E-72866BB9DC46}"
EndProject
Project("{FAE04EC0-301F-11D3-BF4B-00C04F79EFBC}") = "AuthServer.Data", "AuthServer.Data\AuthServer.Data.csproj", "{2DF283BE-436D-4B33-A66E-7D0672C21D91}"
EndProject
Project("{FAE04EC0-301F-11D3-BF4B-00C04F79EFBC}") = "AuthServer.Service", "AuthServer.Service\AuthServer.Service.csproj", "{B83AA325-C2EF-4426-B80C-82C50995EC76}"
EndProject
Project("{FAE04EC0-301F-11D3-BF4B-00C04F79EFBC}") = "App1.API", "App1.API\App1.API.csproj", "{9367DD84-5E20-4D6E-A5F1-2191A4B2227E}"
EndProject
Project("{FAE04EC0-301F-11D3-BF4B-00C04F79EFBC}") = "App2.API", "App2.API\App2.API.csproj", "{C461197E-A232-4E59-8824-1855092DA1CE}"
EndProject
Project("{FAE04EC0-301F-11D3-BF4B-00C04F79EFBC}") = "App3.API", "App3.API\App3.API.csproj", "{26417E10-E142-4889-82D8-34866C6A8809}"
EndProject
Project("{FAE04EC0-301F-11D3-BF4B-00C04F79EFBC}") = "AppShared.Library", "AppShared.Library\AppShared.Library.csproj", "{D45201A1-9033-4A24-9F11-8BE7285A6AA9}"
EndProject
Global
	GlobalSection(SolutionConfigurationPlatforms) = preSolution
		Debug|Any CPU = Debug|Any CPU
		Release|Any CPU = Release|Any CPU
	EndGlobalSection
	GlobalSection(ProjectConfigurationPlatforms) = postSolution
		{244DD1E8-6069-4257-BB6D-C3472D6598AA}.Debug|Any CPU.ActiveCfg = Debug|Any CPU
		{244DD1E8-6069-4257-BB6D-C3472D6598AA}.Debug|Any CPU.Build.0 = Debug|Any CPU
		{244DD1E8-6069-4257-BB6D-C3472D6598AA}.Release|Any CPU.ActiveCfg = Release|Any CPU
		{244DD1E8-6069-4257-BB6D-C3472D6598AA}.Release|Any CPU.Build.0 = Release|Any CPU
		{FAA4C406-1C09-438A-B25E-72866BB9DC46}.Debug|Any CPU.ActiveCfg = Debug|Any CPU
		{FAA4C406-1C09-438A-B25E-72866BB9DC46}.Debug|Any CPU.Build.0 = Debug|Any CPU
		{FAA4C406-1C09-438A-B25E-72866BB9DC46}.Release|Any CPU.ActiveCfg = Release|Any CPU
		{FAA4C406-1C09-438A-B25E-72866BB9DC46}.Release|Any CPU.Build.0 = Release|Any CPU
		{2DF283BE-436D-4B33-A66E-7D0672C21D91}.Debug|Any CPU.ActiveCfg = Debug|Any CPU
		{2DF283BE-436D-4B33-A66E-7D0672C21D91}.Debug|Any CPU.Build.0 = Debug|Any CPU
		{2DF283BE-436D-4B33-A66E-7D0672C21D91}.Release|Any CPU.ActiveCfg = Release|Any CPU
		{2DF283BE-436D-4B33-A66E-7D0672C21D91}.Release|Any CPU.Build.0 = Release|Any CPU
		{B83AA325-C2EF-4426-B80C-82C50995EC76}.Debug|Any CPU.ActiveCfg = Debug|Any CPU
		{B83AA325-C2EF-4426-B80C-82C50995EC76}.Debug|Any CPU.Build.0 = Debug|Any CPU
		{B83AA325-C2EF-4426-B80C-82C50995EC76}.Release|Any CPU.ActiveCfg = Release|Any CPU
		{B83AA325-C2EF-4426-B80C-82C50995EC76}.Release|Any CPU.Build.0 = Release|Any CPU
		{9367DD84-5E20-4D6E-A5F1-2191A4B2227E}.Debug|Any CPU.ActiveCfg = Debug|Any CPU
		{9367DD84-5E20-4D6E-A5F1-2191A4B2227E}.Debug|Any CPU.Build.0 = Debug|Any CPU
		{9367DD84-5E20-4D6E-A5F1-2191A4B2227E}.Release|Any CPU.ActiveCfg = Release|Any CPU
		{9367DD84-5E20-4D6E-A5F1-2191A4B2227E}.Release|Any CPU.Build.0 = Release|Any CPU
		{C461197E-A232-4E59-8824-1855092DA1CE}.Debug|Any CPU.ActiveCfg = Debug|Any CPU
		{C461197E-A232-4E59-8824-1855092DA1CE}.Debug|Any CPU.Build.0 = Debug|Any CPU
		{C461197E-A232-4E59-8824-1855092DA1CE}.Release|Any CPU.ActiveCfg = Release|Any CPU
		{C461197E-A232-4E59-8824-1855092DA1CE}.Release|Any CPU.Build.0 = Release|Any CPU
		{26417E10-E142-4889-82D8-34866C6A8809}.Debug|Any CPU.ActiveCfg = Debug|Any CPU
		{26417E10-E142-4889-82D8-34866C6A8809}.Debug|Any CPU.Build.0 = Debug|Any CPU
		{26417E10-E142-4889-82D8-34866C6A8809}.Release|Any CPU.ActiveCfg = Release|Any CPU
		{26417E10-E142-4889-82D8-34866C6A8809}.Release|Any CPU.Build.0 = Release|Any CPU
		{D45201A1-9033-4A24-9F11-8BE7285A6AA9}.Debug|Any CPU.ActiveCfg = Debug|Any CPU
		{D45201A1-9033-4A24-9F11-8BE7285A6AA9}.Debug|Any CPU.Build.0 = Debug|Any CPU
		{D45201A1-9033-4A24-9F11-8BE7285A6AA9}.Release|Any CPU.ActiveCfg = Release|Any CPU
		{D45201A1-9033-4A24-9F11-8BE7285A6AA9}.Release|Any CPU.Build.0 = Release|Any CPU
	EndGlobalSection
	GlobalSection(SolutionProperties) = preSolution
		HideSolutionNode = FALSE
	EndGlobalSection
	GlobalSection(ExtensibilityGlobals) = postSolution
		SolutionGuid = {59BF4432-D3F3-47BE-8AF3-304D58495058}
	EndGlobalSection
EndGlobal
